
Microsoft Visual Studio Solution File, Format Version 12.00
# Visual Studio Version 17
VisualStudioVersion = 17.14.36414.22
MinimumVisualStudioVersion = 10.0.40219.1
Project("{2150E333-8FDC-42A3-9474-1A3956D46DE8}") = "Services", "Services", "{02EA681E-C7D8-13C7-8484-4AC65E1B71E8}"
EndProject
Project("{2150E333-8FDC-42A3-9474-1A3956D46DE8}") = "Catalog", "Catalog", "{D37E41C2-074E-42EF-9618-3B611FA24D71}"
EndProject
Project("{FAE04EC0-301F-11D3-BF4B-00C04F79EFBC}") = "Catalog.API", "Catalog.API\Catalog.API.csproj", "{01EB8CB8-4AB5-4958-9C6F-2D8B947905AA}"
EndProject
Project("{2150E333-8FDC-42A3-9474-1A3956D46DE8}") = "BuildingBlocks", "BuildingBlocks", "{D09F7E02-C155-4A42-83C8-8927E11230EF}"
EndProject
Project("{FAE04EC0-301F-11D3-BF4B-00C04F79EFBC}") = "BuildingBlocks", "BuildingBlocks\BuildingBlocks\BuildingBlocks.csproj", "{07FA2B21-5688-4666-9963-A9B2A0648A31}"
EndProject
Project("{E53339B2-1760-4266-BCC7-CA923CBCF16C}") = "docker-compose", "docker-compose.dcproj", "{81DDED9D-158B-E303-5F62-77A2896D2A5A}"
EndProject
Project("{2150E333-8FDC-42A3-9474-1A3956D46DE8}") = "Basket", "Basket", "{4C6BADCD-D4AE-4CE7-B398-0793B57FDA0C}"
EndProject
Project("{FAE04EC0-301F-11D3-BF4B-00C04F79EFBC}") = "Basket.API", "Services\Basket\Basket.API\Basket.API.csproj", "{72AAA40B-442D-4BA7-8502-3BD2C0FB61EE}"
EndProject
Global
	GlobalSection(SolutionConfigurationPlatforms) = preSolution
		Debug|Any CPU = Debug|Any CPU
		Release|Any CPU = Release|Any CPU
	EndGlobalSection
	GlobalSection(ProjectConfigurationPlatforms) = postSolution
		{01EB8CB8-4AB5-4958-9C6F-2D8B947905AA}.Debug|Any CPU.ActiveCfg = Debug|Any CPU
		{01EB8CB8-4AB5-4958-9C6F-2D8B947905AA}.Debug|Any CPU.Build.0 = Debug|Any CPU
		{01EB8CB8-4AB5-4958-9C6F-2D8B947905AA}.Release|Any CPU.ActiveCfg = Release|Any CPU
		{01EB8CB8-4AB5-4958-9C6F-2D8B947905AA}.Release|Any CPU.Build.0 = Release|Any CPU
		{07FA2B21-5688-4666-9963-A9B2A0648A31}.Debug|Any CPU.ActiveCfg = Debug|Any CPU
		{07FA2B21-5688-4666-9963-A9B2A0648A31}.Debug|Any CPU.Build.0 = Debug|Any CPU
		{07FA2B21-5688-4666-9963-A9B2A0648A31}.Release|Any CPU.ActiveCfg = Release|Any CPU
		{07FA2B21-5688-4666-9963-A9B2A0648A31}.Release|Any CPU.Build.0 = Release|Any CPU
		{81DDED9D-158B-E303-5F62-77A2896D2A5A}.Debug|Any CPU.ActiveCfg = Debug|Any CPU
		{81DDED9D-158B-E303-5F62-77A2896D2A5A}.Debug|Any CPU.Build.0 = Debug|Any CPU
		{81DDED9D-158B-E303-5F62-77A2896D2A5A}.Release|Any CPU.ActiveCfg = Release|Any CPU
		{81DDED9D-158B-E303-5F62-77A2896D2A5A}.Release|Any CPU.Build.0 = Release|Any CPU
		{72AAA40B-442D-4BA7-8502-3BD2C0FB61EE}.Debug|Any CPU.ActiveCfg = Debug|Any CPU
		{72AAA40B-442D-4BA7-8502-3BD2C0FB61EE}.Debug|Any CPU.Build.0 = Debug|Any CPU
		{72AAA40B-442D-4BA7-8502-3BD2C0FB61EE}.Release|Any CPU.ActiveCfg = Release|Any CPU
		{72AAA40B-442D-4BA7-8502-3BD2C0FB61EE}.Release|Any CPU.Build.0 = Release|Any CPU
	EndGlobalSection
	GlobalSection(SolutionProperties) = preSolution
		HideSolutionNode = FALSE
	EndGlobalSection
	GlobalSection(NestedProjects) = preSolution
		{D37E41C2-074E-42EF-9618-3B611FA24D71} = {02EA681E-C7D8-13C7-8484-4AC65E1B71E8}
		{01EB8CB8-4AB5-4958-9C6F-2D8B947905AA} = {D37E41C2-074E-42EF-9618-3B611FA24D71}
		{07FA2B21-5688-4666-9963-A9B2A0648A31} = {D09F7E02-C155-4A42-83C8-8927E11230EF}
		{4C6BADCD-D4AE-4CE7-B398-0793B57FDA0C} = {02EA681E-C7D8-13C7-8484-4AC65E1B71E8}
		{72AAA40B-442D-4BA7-8502-3BD2C0FB61EE} = {4C6BADCD-D4AE-4CE7-B398-0793B57FDA0C}
	EndGlobalSection
	GlobalSection(ExtensibilityGlobals) = postSolution
		SolutionGuid = {09345217-E7DE-4A0D-AB6B-C65EC35066E7}
	EndGlobalSection
EndGlobal
